
Microsoft Visual Studio Solution File, Format Version 12.00
# Visual Studio Version 16
VisualStudioVersion = 16.0.31729.503
MinimumVisualStudioVersion = 10.0.40219.1
Project("{FAE04EC0-301F-11D3-BF4B-00C04F79EFBC}") = "EFAspDotNetVideoGames", "EFAspDotNetVideoGames.csproj", "{4A92E46C-7F01-4B1B-8474-692EEEADB193}"
EndProject
Global
	GlobalSection(SolutionConfigurationPlatforms) = preSolution
		Debug|Any CPU = Debug|Any CPU
		Release|Any CPU = Release|Any CPU
	EndGlobalSection
	GlobalSection(ProjectConfigurationPlatforms) = postSolution
		{4A92E46C-7F01-4B1B-8474-692EEEADB193}.Debug|Any CPU.ActiveCfg = Debug|Any CPU
		{4A92E46C-7F01-4B1B-8474-692EEEADB193}.Debug|Any CPU.Build.0 = Debug|Any CPU
		{4A92E46C-7F01-4B1B-8474-692EEEADB193}.Release|Any CPU.ActiveCfg = Release|Any CPU
		{4A92E46C-7F01-4B1B-8474-692EEEADB193}.Release|Any CPU.Build.0 = Release|Any CPU
	EndGlobalSection
	GlobalSection(SolutionProperties) = preSolution
		HideSolutionNode = FALSE
	EndGlobalSection
	GlobalSection(ExtensibilityGlobals) = postSolution
		SolutionGuid = {46EFC522-E01C-4B71-A88C-5C7404E74F23}
	EndGlobalSection
EndGlobal
