
Microsoft Visual Studio Solution File, Format Version 12.00
# Visual Studio Version 16
VisualStudioVersion = 16.0.30907.101
MinimumVisualStudioVersion = 10.0.40219.1
Project("{FAE04EC0-301F-11D3-BF4B-00C04F79EFBC}") = "MultiThreadingLearning", "MultiThreadingLearning.csproj", "{C83E3DFE-8310-4A2F-B29C-8BEE3D9DF05A}"
EndProject
Project("{9A19103F-16F7-4668-BE54-9A1E7A4F7556}") = "VendorClassV1", "..\VendorClassV1\VendorClassV1.csproj", "{A121BC80-F614-4BD7-A81A-915F414405C9}"
EndProject
Project("{9A19103F-16F7-4668-BE54-9A1E7A4F7556}") = "VendorClassV2", "..\VendorClassV2\VendorClassV2.csproj", "{CCB67BF4-847E-48A9-A0E5-58F05C3D79D2}"
EndProject
Global
	GlobalSection(SolutionConfigurationPlatforms) = preSolution
		Debug|Any CPU = Debug|Any CPU
		Release|Any CPU = Release|Any CPU
	EndGlobalSection
	GlobalSection(ProjectConfigurationPlatforms) = postSolution
		{C83E3DFE-8310-4A2F-B29C-8BEE3D9DF05A}.Debug|Any CPU.ActiveCfg = Debug|Any CPU
		{C83E3DFE-8310-4A2F-B29C-8BEE3D9DF05A}.Debug|Any CPU.Build.0 = Debug|Any CPU
		{C83E3DFE-8310-4A2F-B29C-8BEE3D9DF05A}.Release|Any CPU.ActiveCfg = Release|Any CPU
		{C83E3DFE-8310-4A2F-B29C-8BEE3D9DF05A}.Release|Any CPU.Build.0 = Release|Any CPU
		{A121BC80-F614-4BD7-A81A-915F414405C9}.Debug|Any CPU.ActiveCfg = Debug|Any CPU
		{A121BC80-F614-4BD7-A81A-915F414405C9}.Debug|Any CPU.Build.0 = Debug|Any CPU
		{A121BC80-F614-4BD7-A81A-915F414405C9}.Release|Any CPU.ActiveCfg = Release|Any CPU
		{A121BC80-F614-4BD7-A81A-915F414405C9}.Release|Any CPU.Build.0 = Release|Any CPU
		{CCB67BF4-847E-48A9-A0E5-58F05C3D79D2}.Debug|Any CPU.ActiveCfg = Debug|Any CPU
		{CCB67BF4-847E-48A9-A0E5-58F05C3D79D2}.Debug|Any CPU.Build.0 = Debug|Any CPU
		{CCB67BF4-847E-48A9-A0E5-58F05C3D79D2}.Release|Any CPU.ActiveCfg = Release|Any CPU
		{CCB67BF4-847E-48A9-A0E5-58F05C3D79D2}.Release|Any CPU.Build.0 = Release|Any CPU
	EndGlobalSection
	GlobalSection(SolutionProperties) = preSolution
		HideSolutionNode = FALSE
	EndGlobalSection
	GlobalSection(ExtensibilityGlobals) = postSolution
		SolutionGuid = {AF3777E3-7705-4AE7-85E7-4A3212563317}
	EndGlobalSection
EndGlobal
