
Microsoft Visual Studio Solution File, Format Version 12.00
# Visual Studio Version 17
VisualStudioVersion = 17.0.31912.275
MinimumVisualStudioVersion = 10.0.40219.1
Project("{FAE04EC0-301F-11D3-BF4B-00C04F79EFBC}") = "EFShareForFuture", "EFShareForFuture.csproj", "{7FCC6A02-B21A-43F0-AAD4-64CCC7D2CCF0}"
EndProject
Project("{FAE04EC0-301F-11D3-BF4B-00C04F79EFBC}") = "ShareForFuture.Data", "..\ShareForFuture.Data\ShareForFuture.Data.csproj", "{71C118AC-63CD-4E7D-BD14-70453D7A73E5}"
EndProject
Global
	GlobalSection(SolutionConfigurationPlatforms) = preSolution
		Debug|Any CPU = Debug|Any CPU
		Release|Any CPU = Release|Any CPU
	EndGlobalSection
	GlobalSection(ProjectConfigurationPlatforms) = postSolution
		{7FCC6A02-B21A-43F0-AAD4-64CCC7D2CCF0}.Debug|Any CPU.ActiveCfg = Debug|Any CPU
		{7FCC6A02-B21A-43F0-AAD4-64CCC7D2CCF0}.Debug|Any CPU.Build.0 = Debug|Any CPU
		{7FCC6A02-B21A-43F0-AAD4-64CCC7D2CCF0}.Release|Any CPU.ActiveCfg = Release|Any CPU
		{7FCC6A02-B21A-43F0-AAD4-64CCC7D2CCF0}.Release|Any CPU.Build.0 = Release|Any CPU
		{71C118AC-63CD-4E7D-BD14-70453D7A73E5}.Debug|Any CPU.ActiveCfg = Debug|Any CPU
		{71C118AC-63CD-4E7D-BD14-70453D7A73E5}.Debug|Any CPU.Build.0 = Debug|Any CPU
		{71C118AC-63CD-4E7D-BD14-70453D7A73E5}.Release|Any CPU.ActiveCfg = Release|Any CPU
		{71C118AC-63CD-4E7D-BD14-70453D7A73E5}.Release|Any CPU.Build.0 = Release|Any CPU
	EndGlobalSection
	GlobalSection(SolutionProperties) = preSolution
		HideSolutionNode = FALSE
	EndGlobalSection
	GlobalSection(ExtensibilityGlobals) = postSolution
		SolutionGuid = {B09762AB-B89E-4642-90EC-71A85FBA5B0A}
	EndGlobalSection
EndGlobal
