
Microsoft Visual Studio Solution File, Format Version 12.00
# Visual Studio Version 16
VisualStudioVersion = 16.0.31702.278
MinimumVisualStudioVersion = 10.0.40219.1
Project("{FAE04EC0-301F-11D3-BF4B-00C04F79EFBC}") = "Eltin-Buchard-Keller-Algorithm", "Eltin-Buchard-Keller-Algorithm.csproj", "{BFBC6EA0-6F93-4854-9416-F89AD27C57C7}"
EndProject
Global
	GlobalSection(SolutionConfigurationPlatforms) = preSolution
		Debug|Any CPU = Debug|Any CPU
		Release|Any CPU = Release|Any CPU
	EndGlobalSection
	GlobalSection(ProjectConfigurationPlatforms) = postSolution
		{BFBC6EA0-6F93-4854-9416-F89AD27C57C7}.Debug|Any CPU.ActiveCfg = Debug|Any CPU
		{BFBC6EA0-6F93-4854-9416-F89AD27C57C7}.Debug|Any CPU.Build.0 = Debug|Any CPU
		{BFBC6EA0-6F93-4854-9416-F89AD27C57C7}.Release|Any CPU.ActiveCfg = Release|Any CPU
		{BFBC6EA0-6F93-4854-9416-F89AD27C57C7}.Release|Any CPU.Build.0 = Release|Any CPU
	EndGlobalSection
	GlobalSection(SolutionProperties) = preSolution
		HideSolutionNode = FALSE
	EndGlobalSection
	GlobalSection(ExtensibilityGlobals) = postSolution
		SolutionGuid = {C310E426-71D9-412B-BBD5-E2B713AD8D0C}
	EndGlobalSection
EndGlobal
